
Microsoft Visual Studio Solution File, Format Version 12.00
# Visual Studio 15
VisualStudioVersion = 15.0.26730.16
MinimumVisualStudioVersion = 10.0.40219.1
Project("{FAE04EC0-301F-11D3-BF4B-00C04F79EFBC}") = "EIM.Core", "EIM.Core\EIM.Core.csproj", "{CEAC9F8E-F914-4AA8-9343-D446D971F56A}"
EndProject
Project("{FAE04EC0-301F-11D3-BF4B-00C04F79EFBC}") = "EIM", "EIM\EIM.csproj", "{688205CB-09F5-44CA-B36A-BB38692D4695}"
EndProject
Project("{FAE04EC0-301F-11D3-BF4B-00C04F79EFBC}") = "EIM.Api", "EIM.Api\EIM.Api.csproj", "{EF62D844-3FCD-4A7D-8187-EC3BD38C4FF9}"
EndProject
Project("{FAE04EC0-301F-11D3-BF4B-00C04F79EFBC}") = "EIM.Business", "EIM.Business\EIM.Business.csproj", "{9BE61205-7157-4E41-A36D-2AF28654AB32}"
EndProject
Project("{FAE04EC0-301F-11D3-BF4B-00C04F79EFBC}") = "EIM.Data", "EIM.Data\EIM.Data.csproj", "{E9729F6F-84FD-4AE7-B000-677E94A0CF44}"
EndProject
Project("{FAE04EC0-301F-11D3-BF4B-00C04F79EFBC}") = "EIM.ConsoleApp", "EIM.ConsoleApp\EIM.ConsoleApp.csproj", "{A44891D9-558E-4264-AA25-45E41790260D}"
EndProject
Project("{FAE04EC0-301F-11D3-BF4B-00C04F79EFBC}") = "EIM.Services", "EIM.Services\EIM.Services.csproj", "{3245F923-1895-4361-9038-929C8B0CD447}"
EndProject
Project("{FAE04EC0-301F-11D3-BF4B-00C04F79EFBC}") = "EIM.Website", "EIM.Website\EIM.Website.csproj", "{2CED41DE-E6F2-4EC1-BAF3-941A9F968CB6}"
EndProject
Project("{FAE04EC0-301F-11D3-BF4B-00C04F79EFBC}") = "EIM.Tests", "EIM.Tests\EIM.Tests.csproj", "{06DD13C0-F9D2-4F54-927E-B4036BC006B4}"
EndProject
Project("{FAE04EC0-301F-11D3-BF4B-00C04F79EFBC}") = "EIM.Cache", "EIM.Cache\EIM.Cache.csproj", "{0F6B44F4-D579-49CF-9AB7-449C5250891D}"
EndProject
Project("{FAE04EC0-301F-11D3-BF4B-00C04F79EFBC}") = "EIM.MessageQueue", "EIM.MessageQueue\EIM.MessageQueue.csproj", "{0B30A344-ABF1-465E-B188-98EAEE61CA8C}"
EndProject
Global
	GlobalSection(SolutionConfigurationPlatforms) = preSolution
		Debug|Any CPU = Debug|Any CPU
		Release|Any CPU = Release|Any CPU
	EndGlobalSection
	GlobalSection(ProjectConfigurationPlatforms) = postSolution
		{CEAC9F8E-F914-4AA8-9343-D446D971F56A}.Debug|Any CPU.ActiveCfg = Debug|Any CPU
		{CEAC9F8E-F914-4AA8-9343-D446D971F56A}.Debug|Any CPU.Build.0 = Debug|Any CPU
		{CEAC9F8E-F914-4AA8-9343-D446D971F56A}.Release|Any CPU.ActiveCfg = Release|Any CPU
		{CEAC9F8E-F914-4AA8-9343-D446D971F56A}.Release|Any CPU.Build.0 = Release|Any CPU
		{688205CB-09F5-44CA-B36A-BB38692D4695}.Debug|Any CPU.ActiveCfg = Debug|Any CPU
		{688205CB-09F5-44CA-B36A-BB38692D4695}.Debug|Any CPU.Build.0 = Debug|Any CPU
		{688205CB-09F5-44CA-B36A-BB38692D4695}.Release|Any CPU.ActiveCfg = Release|Any CPU
		{688205CB-09F5-44CA-B36A-BB38692D4695}.Release|Any CPU.Build.0 = Release|Any CPU
		{EF62D844-3FCD-4A7D-8187-EC3BD38C4FF9}.Debug|Any CPU.ActiveCfg = Debug|Any CPU
		{EF62D844-3FCD-4A7D-8187-EC3BD38C4FF9}.Debug|Any CPU.Build.0 = Debug|Any CPU
		{EF62D844-3FCD-4A7D-8187-EC3BD38C4FF9}.Release|Any CPU.ActiveCfg = Release|Any CPU
		{EF62D844-3FCD-4A7D-8187-EC3BD38C4FF9}.Release|Any CPU.Build.0 = Release|Any CPU
		{9BE61205-7157-4E41-A36D-2AF28654AB32}.Debug|Any CPU.ActiveCfg = Debug|Any CPU
		{9BE61205-7157-4E41-A36D-2AF28654AB32}.Debug|Any CPU.Build.0 = Debug|Any CPU
		{9BE61205-7157-4E41-A36D-2AF28654AB32}.Release|Any CPU.ActiveCfg = Release|Any CPU
		{9BE61205-7157-4E41-A36D-2AF28654AB32}.Release|Any CPU.Build.0 = Release|Any CPU
		{E9729F6F-84FD-4AE7-B000-677E94A0CF44}.Debug|Any CPU.ActiveCfg = Debug|Any CPU
		{E9729F6F-84FD-4AE7-B000-677E94A0CF44}.Debug|Any CPU.Build.0 = Debug|Any CPU
		{E9729F6F-84FD-4AE7-B000-677E94A0CF44}.Release|Any CPU.ActiveCfg = Release|Any CPU
		{E9729F6F-84FD-4AE7-B000-677E94A0CF44}.Release|Any CPU.Build.0 = Release|Any CPU
		{A44891D9-558E-4264-AA25-45E41790260D}.Debug|Any CPU.ActiveCfg = Debug|Any CPU
		{A44891D9-558E-4264-AA25-45E41790260D}.Debug|Any CPU.Build.0 = Debug|Any CPU
		{A44891D9-558E-4264-AA25-45E41790260D}.Release|Any CPU.ActiveCfg = Release|Any CPU
		{A44891D9-558E-4264-AA25-45E41790260D}.Release|Any CPU.Build.0 = Release|Any CPU
		{3245F923-1895-4361-9038-929C8B0CD447}.Debug|Any CPU.ActiveCfg = Debug|Any CPU
		{3245F923-1895-4361-9038-929C8B0CD447}.Debug|Any CPU.Build.0 = Debug|Any CPU
		{3245F923-1895-4361-9038-929C8B0CD447}.Release|Any CPU.ActiveCfg = Release|Any CPU
		{3245F923-1895-4361-9038-929C8B0CD447}.Release|Any CPU.Build.0 = Release|Any CPU
		{2CED41DE-E6F2-4EC1-BAF3-941A9F968CB6}.Debug|Any CPU.ActiveCfg = Debug|Any CPU
		{2CED41DE-E6F2-4EC1-BAF3-941A9F968CB6}.Debug|Any CPU.Build.0 = Debug|Any CPU
		{2CED41DE-E6F2-4EC1-BAF3-941A9F968CB6}.Release|Any CPU.ActiveCfg = Release|Any CPU
		{2CED41DE-E6F2-4EC1-BAF3-941A9F968CB6}.Release|Any CPU.Build.0 = Release|Any CPU
		{06DD13C0-F9D2-4F54-927E-B4036BC006B4}.Debug|Any CPU.ActiveCfg = Debug|Any CPU
		{06DD13C0-F9D2-4F54-927E-B4036BC006B4}.Debug|Any CPU.Build.0 = Debug|Any CPU
		{06DD13C0-F9D2-4F54-927E-B4036BC006B4}.Release|Any CPU.ActiveCfg = Release|Any CPU
		{06DD13C0-F9D2-4F54-927E-B4036BC006B4}.Release|Any CPU.Build.0 = Release|Any CPU
		{0F6B44F4-D579-49CF-9AB7-449C5250891D}.Debug|Any CPU.ActiveCfg = Debug|Any CPU
		{0F6B44F4-D579-49CF-9AB7-449C5250891D}.Debug|Any CPU.Build.0 = Debug|Any CPU
		{0F6B44F4-D579-49CF-9AB7-449C5250891D}.Release|Any CPU.ActiveCfg = Release|Any CPU
		{0F6B44F4-D579-49CF-9AB7-449C5250891D}.Release|Any CPU.Build.0 = Release|Any CPU
		{0B30A344-ABF1-465E-B188-98EAEE61CA8C}.Debug|Any CPU.ActiveCfg = Debug|Any CPU
		{0B30A344-ABF1-465E-B188-98EAEE61CA8C}.Debug|Any CPU.Build.0 = Debug|Any CPU
		{0B30A344-ABF1-465E-B188-98EAEE61CA8C}.Release|Any CPU.ActiveCfg = Release|Any CPU
		{0B30A344-ABF1-465E-B188-98EAEE61CA8C}.Release|Any CPU.Build.0 = Release|Any CPU
	EndGlobalSection
	GlobalSection(SolutionProperties) = preSolution
		HideSolutionNode = FALSE
	EndGlobalSection
	GlobalSection(ExtensibilityGlobals) = postSolution
		SolutionGuid = {13DD97B7-15DD-494F-B2D2-2F80821A925C}
	EndGlobalSection
EndGlobal
